
Microsoft Visual Studio Solution File, Format Version 12.00
# Visual Studio 15
VisualStudioVersion = 15.0.28307.489
MinimumVisualStudioVersion = 10.0.40219.1
Project("{9A19103F-16F7-4668-BE54-9A1E7A4F7556}") = "ClientUI", "Demo02\ClientUI\ClientUI.csproj", "{731153F9-7487-4CCF-99EE-A844BCCA41B8}"
EndProject
Project("{9A19103F-16F7-4668-BE54-9A1E7A4F7556}") = "Messages", "Demo02\Messages\Messages.csproj", "{72C4DBB7-6899-4BD4-A29F-EBB9DBA0A2CD}"
EndProject
Project("{9A19103F-16F7-4668-BE54-9A1E7A4F7556}") = "Sales", "Demo02\Sales\Sales.csproj", "{A46FB847-01C6-4BF5-8895-33703699720C}"
EndProject
Project("{2150E333-8FDC-42A3-9474-1A3956D46DE8}") = "Demo01.Basics", "Demo01.Basics", "{90BCE913-10AE-474C-91C0-9C56F654256B}"
EndProject
Project("{2150E333-8FDC-42A3-9474-1A3956D46DE8}") = "Demo02.Command Processing", "Demo02.Command Processing", "{7A2ACDF3-1C93-419A-B321-2DCE3074118D}"
EndProject
Project("{9A19103F-16F7-4668-BE54-9A1E7A4F7556}") = "ClientUI", "Demo01\ClientUI\ClientUI.csproj", "{BAD2D070-1E40-4E06-BF7B-0F65D8954EF6}"
EndProject
Project("{9A19103F-16F7-4668-BE54-9A1E7A4F7556}") = "Messages", "Demo01\Messages\Messages.csproj", "{F3417A61-8C5E-4737-A9C9-D1356A7714E2}"
EndProject
Project("{2150E333-8FDC-42A3-9474-1A3956D46DE8}") = "Demo03.Events Processing", "Demo03.Events Processing", "{5D5AFE5A-8A8A-419E-8F53-303EE449AAB1}"
EndProject
Project("{9A19103F-16F7-4668-BE54-9A1E7A4F7556}") = "ClientUI", "Demo03\ClientUI\ClientUI.csproj", "{F869692D-C7FF-485C-A6CD-3B4E0EEFFF12}"
EndProject
Project("{9A19103F-16F7-4668-BE54-9A1E7A4F7556}") = "Messages", "Demo03\Messages\Messages.csproj", "{ADCEE51E-69FA-430C-8A8A-EEA92552262A}"
EndProject
Project("{9A19103F-16F7-4668-BE54-9A1E7A4F7556}") = "Sales", "Demo03\Sales\Sales.csproj", "{28DC5CDA-30E1-4017-AD44-426283D242C5}"
EndProject
Project("{9A19103F-16F7-4668-BE54-9A1E7A4F7556}") = "Billing", "Demo03\Billing\Billing.csproj", "{15774F15-4BCC-4E23-805A-A9C15565F170}"
EndProject
Project("{FAE04EC0-301F-11D3-BF4B-00C04F79EFBC}") = "Shipping", "Demo03\Shipping\Shipping.csproj", "{8FF7C367-EBD2-49BC-8D17-81EAF2F450AD}"
EndProject
Global
	GlobalSection(SolutionConfigurationPlatforms) = preSolution
		Debug|Any CPU = Debug|Any CPU
		Release|Any CPU = Release|Any CPU
	EndGlobalSection
	GlobalSection(ProjectConfigurationPlatforms) = postSolution
		{731153F9-7487-4CCF-99EE-A844BCCA41B8}.Debug|Any CPU.ActiveCfg = Debug|Any CPU
		{731153F9-7487-4CCF-99EE-A844BCCA41B8}.Debug|Any CPU.Build.0 = Debug|Any CPU
		{731153F9-7487-4CCF-99EE-A844BCCA41B8}.Release|Any CPU.ActiveCfg = Release|Any CPU
		{731153F9-7487-4CCF-99EE-A844BCCA41B8}.Release|Any CPU.Build.0 = Release|Any CPU
		{72C4DBB7-6899-4BD4-A29F-EBB9DBA0A2CD}.Debug|Any CPU.ActiveCfg = Debug|Any CPU
		{72C4DBB7-6899-4BD4-A29F-EBB9DBA0A2CD}.Debug|Any CPU.Build.0 = Debug|Any CPU
		{72C4DBB7-6899-4BD4-A29F-EBB9DBA0A2CD}.Release|Any CPU.ActiveCfg = Release|Any CPU
		{72C4DBB7-6899-4BD4-A29F-EBB9DBA0A2CD}.Release|Any CPU.Build.0 = Release|Any CPU
		{A46FB847-01C6-4BF5-8895-33703699720C}.Debug|Any CPU.ActiveCfg = Debug|Any CPU
		{A46FB847-01C6-4BF5-8895-33703699720C}.Debug|Any CPU.Build.0 = Debug|Any CPU
		{A46FB847-01C6-4BF5-8895-33703699720C}.Release|Any CPU.ActiveCfg = Release|Any CPU
		{A46FB847-01C6-4BF5-8895-33703699720C}.Release|Any CPU.Build.0 = Release|Any CPU
		{BAD2D070-1E40-4E06-BF7B-0F65D8954EF6}.Debug|Any CPU.ActiveCfg = Debug|Any CPU
		{BAD2D070-1E40-4E06-BF7B-0F65D8954EF6}.Debug|Any CPU.Build.0 = Debug|Any CPU
		{BAD2D070-1E40-4E06-BF7B-0F65D8954EF6}.Release|Any CPU.ActiveCfg = Release|Any CPU
		{BAD2D070-1E40-4E06-BF7B-0F65D8954EF6}.Release|Any CPU.Build.0 = Release|Any CPU
		{F3417A61-8C5E-4737-A9C9-D1356A7714E2}.Debug|Any CPU.ActiveCfg = Debug|Any CPU
		{F3417A61-8C5E-4737-A9C9-D1356A7714E2}.Debug|Any CPU.Build.0 = Debug|Any CPU
		{F3417A61-8C5E-4737-A9C9-D1356A7714E2}.Release|Any CPU.ActiveCfg = Release|Any CPU
		{F3417A61-8C5E-4737-A9C9-D1356A7714E2}.Release|Any CPU.Build.0 = Release|Any CPU
		{F869692D-C7FF-485C-A6CD-3B4E0EEFFF12}.Debug|Any CPU.ActiveCfg = Debug|Any CPU
		{F869692D-C7FF-485C-A6CD-3B4E0EEFFF12}.Debug|Any CPU.Build.0 = Debug|Any CPU
		{F869692D-C7FF-485C-A6CD-3B4E0EEFFF12}.Release|Any CPU.ActiveCfg = Release|Any CPU
		{F869692D-C7FF-485C-A6CD-3B4E0EEFFF12}.Release|Any CPU.Build.0 = Release|Any CPU
		{ADCEE51E-69FA-430C-8A8A-EEA92552262A}.Debug|Any CPU.ActiveCfg = Debug|Any CPU
		{ADCEE51E-69FA-430C-8A8A-EEA92552262A}.Debug|Any CPU.Build.0 = Debug|Any CPU
		{ADCEE51E-69FA-430C-8A8A-EEA92552262A}.Release|Any CPU.ActiveCfg = Release|Any CPU
		{ADCEE51E-69FA-430C-8A8A-EEA92552262A}.Release|Any CPU.Build.0 = Release|Any CPU
		{28DC5CDA-30E1-4017-AD44-426283D242C5}.Debug|Any CPU.ActiveCfg = Debug|Any CPU
		{28DC5CDA-30E1-4017-AD44-426283D242C5}.Debug|Any CPU.Build.0 = Debug|Any CPU
		{28DC5CDA-30E1-4017-AD44-426283D242C5}.Release|Any CPU.ActiveCfg = Release|Any CPU
		{28DC5CDA-30E1-4017-AD44-426283D242C5}.Release|Any CPU.Build.0 = Release|Any CPU
		{15774F15-4BCC-4E23-805A-A9C15565F170}.Debug|Any CPU.ActiveCfg = Debug|Any CPU
		{15774F15-4BCC-4E23-805A-A9C15565F170}.Debug|Any CPU.Build.0 = Debug|Any CPU
		{15774F15-4BCC-4E23-805A-A9C15565F170}.Release|Any CPU.ActiveCfg = Release|Any CPU
		{15774F15-4BCC-4E23-805A-A9C15565F170}.Release|Any CPU.Build.0 = Release|Any CPU
		{8FF7C367-EBD2-49BC-8D17-81EAF2F450AD}.Debug|Any CPU.ActiveCfg = Debug|Any CPU
		{8FF7C367-EBD2-49BC-8D17-81EAF2F450AD}.Debug|Any CPU.Build.0 = Debug|Any CPU
		{8FF7C367-EBD2-49BC-8D17-81EAF2F450AD}.Release|Any CPU.ActiveCfg = Release|Any CPU
		{8FF7C367-EBD2-49BC-8D17-81EAF2F450AD}.Release|Any CPU.Build.0 = Release|Any CPU
	EndGlobalSection
	GlobalSection(SolutionProperties) = preSolution
		HideSolutionNode = FALSE
	EndGlobalSection
	GlobalSection(NestedProjects) = preSolution
		{731153F9-7487-4CCF-99EE-A844BCCA41B8} = {7A2ACDF3-1C93-419A-B321-2DCE3074118D}
		{72C4DBB7-6899-4BD4-A29F-EBB9DBA0A2CD} = {7A2ACDF3-1C93-419A-B321-2DCE3074118D}
		{A46FB847-01C6-4BF5-8895-33703699720C} = {7A2ACDF3-1C93-419A-B321-2DCE3074118D}
		{BAD2D070-1E40-4E06-BF7B-0F65D8954EF6} = {90BCE913-10AE-474C-91C0-9C56F654256B}
		{F3417A61-8C5E-4737-A9C9-D1356A7714E2} = {90BCE913-10AE-474C-91C0-9C56F654256B}
		{F869692D-C7FF-485C-A6CD-3B4E0EEFFF12} = {5D5AFE5A-8A8A-419E-8F53-303EE449AAB1}
		{ADCEE51E-69FA-430C-8A8A-EEA92552262A} = {5D5AFE5A-8A8A-419E-8F53-303EE449AAB1}
		{28DC5CDA-30E1-4017-AD44-426283D242C5} = {5D5AFE5A-8A8A-419E-8F53-303EE449AAB1}
		{15774F15-4BCC-4E23-805A-A9C15565F170} = {5D5AFE5A-8A8A-419E-8F53-303EE449AAB1}
		{8FF7C367-EBD2-49BC-8D17-81EAF2F450AD} = {5D5AFE5A-8A8A-419E-8F53-303EE449AAB1}
	EndGlobalSection
	GlobalSection(ExtensibilityGlobals) = postSolution
		SolutionGuid = {510971A2-8D47-4A5F-8CDB-479FCD922E44}
	EndGlobalSection
EndGlobal
